
Microsoft Visual Studio Solution File, Format Version 12.00
# Visual Studio 2013
VisualStudioVersion = 12.0.30723.0
MinimumVisualStudioVersion = 10.0.40219.1
Project("{FAE04EC0-301F-11D3-BF4B-00C04F79EFBC}") = "vCare", "vCare\vCare.csproj", "{33E8D848-3101-4AE3-A339-F6AA01888A22}"
EndProject
Project("{2150E333-8FDC-42A3-9474-1A3956D46DE8}") = "PublishScripts", "PublishScripts", "{2C6109BB-1B27-4421-840B-A5531570C819}"
	ProjectSection(SolutionItems) = preProject
		PublishScripts\AzureWebsitePublishModule.psm1 = PublishScripts\AzureWebsitePublishModule.psm1
		PublishScripts\Publish-WebApplicationWebsite.ps1 = PublishScripts\Publish-WebApplicationWebsite.ps1
	EndProjectSection
EndProject
Project("{2150E333-8FDC-42A3-9474-1A3956D46DE8}") = "Configurations", "Configurations", "{25FDA366-09AD-483F-B0C1-32712C27E835}"
	ProjectSection(SolutionItems) = preProject
		PublishScripts\Configurations\vCare-WAWS-dev.json = PublishScripts\Configurations\vCare-WAWS-dev.json
	EndProjectSection
EndProject
Global
	GlobalSection(SolutionConfigurationPlatforms) = preSolution
		Debug|Any CPU = Debug|Any CPU
		Release|Any CPU = Release|Any CPU
	EndGlobalSection
	GlobalSection(ProjectConfigurationPlatforms) = postSolution
		{33E8D848-3101-4AE3-A339-F6AA01888A22}.Debug|Any CPU.ActiveCfg = Debug|Any CPU
		{33E8D848-3101-4AE3-A339-F6AA01888A22}.Debug|Any CPU.Build.0 = Debug|Any CPU
		{33E8D848-3101-4AE3-A339-F6AA01888A22}.Release|Any CPU.ActiveCfg = Release|Any CPU
		{33E8D848-3101-4AE3-A339-F6AA01888A22}.Release|Any CPU.Build.0 = Release|Any CPU
	EndGlobalSection
	GlobalSection(SolutionProperties) = preSolution
		HideSolutionNode = FALSE
	EndGlobalSection
	GlobalSection(NestedProjects) = preSolution
		{25FDA366-09AD-483F-B0C1-32712C27E835} = {2C6109BB-1B27-4421-840B-A5531570C819}
	EndGlobalSection
EndGlobal
